
Microsoft Visual Studio Solution File, Format Version 12.00
# Visual Studio 15
VisualStudioVersion = 15.0.28010.2026
MinimumVisualStudioVersion = 10.0.40219.1
Project("{FAE04EC0-301F-11D3-BF4B-00C04F79EFBC}") = "MvcMovie", "MvcMovie\MvcMovie.csproj", "{B0C9C5DB-BA9F-43D6-9244-408077A61840}"
EndProject
Global
	GlobalSection(SolutionConfigurationPlatforms) = preSolution
		Debug|Any CPU = Debug|Any CPU
		Release|Any CPU = Release|Any CPU
	EndGlobalSection
	GlobalSection(ProjectConfigurationPlatforms) = postSolution
		{B0C9C5DB-BA9F-43D6-9244-408077A61840}.Debug|Any CPU.ActiveCfg = Debug|Any CPU
		{B0C9C5DB-BA9F-43D6-9244-408077A61840}.Debug|Any CPU.Build.0 = Debug|Any CPU
		{B0C9C5DB-BA9F-43D6-9244-408077A61840}.Release|Any CPU.ActiveCfg = Release|Any CPU
		{B0C9C5DB-BA9F-43D6-9244-408077A61840}.Release|Any CPU.Build.0 = Release|Any CPU
	EndGlobalSection
	GlobalSection(SolutionProperties) = preSolution
		HideSolutionNode = FALSE
	EndGlobalSection
	GlobalSection(ExtensibilityGlobals) = postSolution
		SolutionGuid = {9E932407-5B3F-43C0-AFA6-5D90BAE5EDAD}
	EndGlobalSection
EndGlobal
